
Microsoft Visual Studio Solution File, Format Version 12.00
# Visual Studio Version 17
VisualStudioVersion = 17.8.34330.188
MinimumVisualStudioVersion = 10.0.40219.1
Project("{FAE04EC0-301F-11D3-BF4B-00C04F79EFBC}") = "App.Repositories", "Repositories\App.Repositories.csproj", "{FED61665-55C6-4E86-AE68-8DB20D5837AB}"
EndProject
Project("{FAE04EC0-301F-11D3-BF4B-00C04F79EFBC}") = "App.Services", "Services\App.Services.csproj", "{E3932851-853F-4A15-8885-AD82B24BA033}"
EndProject
Project("{FAE04EC0-301F-11D3-BF4B-00C04F79EFBC}") = "App.API", "App.API\App.API.csproj", "{BDDF6027-6DA2-4BDF-B511-A65C951E9F3F}"
EndProject
Global
	GlobalSection(SolutionConfigurationPlatforms) = preSolution
		Debug|Any CPU = Debug|Any CPU
		Release|Any CPU = Release|Any CPU
	EndGlobalSection
	GlobalSection(ProjectConfigurationPlatforms) = postSolution
		{FED61665-55C6-4E86-AE68-8DB20D5837AB}.Debug|Any CPU.ActiveCfg = Debug|Any CPU
		{FED61665-55C6-4E86-AE68-8DB20D5837AB}.Debug|Any CPU.Build.0 = Debug|Any CPU
		{FED61665-55C6-4E86-AE68-8DB20D5837AB}.Release|Any CPU.ActiveCfg = Release|Any CPU
		{FED61665-55C6-4E86-AE68-8DB20D5837AB}.Release|Any CPU.Build.0 = Release|Any CPU
		{E3932851-853F-4A15-8885-AD82B24BA033}.Debug|Any CPU.ActiveCfg = Debug|Any CPU
		{E3932851-853F-4A15-8885-AD82B24BA033}.Debug|Any CPU.Build.0 = Debug|Any CPU
		{E3932851-853F-4A15-8885-AD82B24BA033}.Release|Any CPU.ActiveCfg = Release|Any CPU
		{E3932851-853F-4A15-8885-AD82B24BA033}.Release|Any CPU.Build.0 = Release|Any CPU
		{BDDF6027-6DA2-4BDF-B511-A65C951E9F3F}.Debug|Any CPU.ActiveCfg = Debug|Any CPU
		{BDDF6027-6DA2-4BDF-B511-A65C951E9F3F}.Debug|Any CPU.Build.0 = Debug|Any CPU
		{BDDF6027-6DA2-4BDF-B511-A65C951E9F3F}.Release|Any CPU.ActiveCfg = Release|Any CPU
		{BDDF6027-6DA2-4BDF-B511-A65C951E9F3F}.Release|Any CPU.Build.0 = Release|Any CPU
	EndGlobalSection
	GlobalSection(SolutionProperties) = preSolution
		HideSolutionNode = FALSE
	EndGlobalSection
	GlobalSection(ExtensibilityGlobals) = postSolution
		SolutionGuid = {7A802A45-333C-429E-89C7-1B96FD82E2A4}
	EndGlobalSection
EndGlobal
